
Microsoft Visual Studio Solution File, Format Version 12.00
# Visual Studio Version 17
VisualStudioVersion = 17.4.33213.308
MinimumVisualStudioVersion = 10.0.40219.1
Project("{FAE04EC0-301F-11D3-BF4B-00C04F79EFBC}") = "BulkyWeb", "BulkyWeb\BulkyWeb.csproj", "{5DFF573D-5292-4E91-BCE4-0EEEE19BE958}"
EndProject
Project("{FAE04EC0-301F-11D3-BF4B-00C04F79EFBC}") = "Bulky.DataAccess", "Bulky.DataAccess\Bulky.DataAccess.csproj", "{A49F9AD5-BE62-4727-8C93-181BD379B024}"
EndProject
Project("{FAE04EC0-301F-11D3-BF4B-00C04F79EFBC}") = "Bulky.Models", "Bulky.Models\Bulky.Models.csproj", "{438BA23F-0C3B-41AC-AB6B-5D15B9DCEA4C}"
EndProject
Global
	GlobalSection(SolutionProperties) = preSolution
		HideSolutionNode = FALSE
	EndGlobalSection
	GlobalSection(ExtensibilityGlobals) = postSolution
		SolutionGuid = {47B8C3BF-3B36-483A-842F-AD1332986C35}
	EndGlobalSection
	GlobalSection(SolutionConfigurationPlatforms) = preSolution
		Debug|Any CPU = Debug|Any CPU
		Debug|x64 = Debug|x64
		Debug|x86 = Debug|x86
		Release|Any CPU = Release|Any CPU
		Release|x64 = Release|x64
		Release|x86 = Release|x86
	EndGlobalSection
	GlobalSection(ProjectConfigurationPlatforms) = postSolution
		{5DFF573D-5292-4E91-BCE4-0EEEE19BE958}.Debug|Any CPU.ActiveCfg = Debug|Any CPU
		{5DFF573D-5292-4E91-BCE4-0EEEE19BE958}.Debug|Any CPU.Build.0 = Debug|Any CPU
		{5DFF573D-5292-4E91-BCE4-0EEEE19BE958}.Debug|x64.ActiveCfg = Debug|Any CPU
		{5DFF573D-5292-4E91-BCE4-0EEEE19BE958}.Debug|x64.Build.0 = Debug|Any CPU
		{5DFF573D-5292-4E91-BCE4-0EEEE19BE958}.Debug|x86.ActiveCfg = Debug|Any CPU
		{5DFF573D-5292-4E91-BCE4-0EEEE19BE958}.Debug|x86.Build.0 = Debug|Any CPU
		{5DFF573D-5292-4E91-BCE4-0EEEE19BE958}.Release|Any CPU.ActiveCfg = Release|Any CPU
		{5DFF573D-5292-4E91-BCE4-0EEEE19BE958}.Release|Any CPU.Build.0 = Release|Any CPU
		{5DFF573D-5292-4E91-BCE4-0EEEE19BE958}.Release|x64.ActiveCfg = Release|Any CPU
		{5DFF573D-5292-4E91-BCE4-0EEEE19BE958}.Release|x64.Build.0 = Release|Any CPU
		{5DFF573D-5292-4E91-BCE4-0EEEE19BE958}.Release|x86.ActiveCfg = Release|Any CPU
		{5DFF573D-5292-4E91-BCE4-0EEEE19BE958}.Release|x86.Build.0 = Release|Any CPU
		{A49F9AD5-BE62-4727-8C93-181BD379B024}.Debug|Any CPU.ActiveCfg = Debug|Any CPU
		{A49F9AD5-BE62-4727-8C93-181BD379B024}.Debug|Any CPU.Build.0 = Debug|Any CPU
		{A49F9AD5-BE62-4727-8C93-181BD379B024}.Debug|x64.ActiveCfg = Debug|Any CPU
		{A49F9AD5-BE62-4727-8C93-181BD379B024}.Debug|x64.Build.0 = Debug|Any CPU
		{A49F9AD5-BE62-4727-8C93-181BD379B024}.Debug|x86.ActiveCfg = Debug|Any CPU
		{A49F9AD5-BE62-4727-8C93-181BD379B024}.Debug|x86.Build.0 = Debug|Any CPU
		{A49F9AD5-BE62-4727-8C93-181BD379B024}.Release|Any CPU.ActiveCfg = Release|Any CPU
		{A49F9AD5-BE62-4727-8C93-181BD379B024}.Release|Any CPU.Build.0 = Release|Any CPU
		{A49F9AD5-BE62-4727-8C93-181BD379B024}.Release|x64.ActiveCfg = Release|Any CPU
		{A49F9AD5-BE62-4727-8C93-181BD379B024}.Release|x64.Build.0 = Release|Any CPU
		{A49F9AD5-BE62-4727-8C93-181BD379B024}.Release|x86.ActiveCfg = Release|Any CPU
		{A49F9AD5-BE62-4727-8C93-181BD379B024}.Release|x86.Build.0 = Release|Any CPU
		{438BA23F-0C3B-41AC-AB6B-5D15B9DCEA4C}.Debug|Any CPU.ActiveCfg = Debug|Any CPU
		{438BA23F-0C3B-41AC-AB6B-5D15B9DCEA4C}.Debug|Any CPU.Build.0 = Debug|Any CPU
		{438BA23F-0C3B-41AC-AB6B-5D15B9DCEA4C}.Debug|x64.ActiveCfg = Debug|Any CPU
		{438BA23F-0C3B-41AC-AB6B-5D15B9DCEA4C}.Debug|x64.Build.0 = Debug|Any CPU
		{438BA23F-0C3B-41AC-AB6B-5D15B9DCEA4C}.Debug|x86.ActiveCfg = Debug|Any CPU
		{438BA23F-0C3B-41AC-AB6B-5D15B9DCEA4C}.Debug|x86.Build.0 = Debug|Any CPU
		{438BA23F-0C3B-41AC-AB6B-5D15B9DCEA4C}.Release|Any CPU.ActiveCfg = Release|Any CPU
		{438BA23F-0C3B-41AC-AB6B-5D15B9DCEA4C}.Release|Any CPU.Build.0 = Release|Any CPU
		{438BA23F-0C3B-41AC-AB6B-5D15B9DCEA4C}.Release|x64.ActiveCfg = Release|Any CPU
		{438BA23F-0C3B-41AC-AB6B-5D15B9DCEA4C}.Release|x64.Build.0 = Release|Any CPU
		{438BA23F-0C3B-41AC-AB6B-5D15B9DCEA4C}.Release|x86.ActiveCfg = Release|Any CPU
		{438BA23F-0C3B-41AC-AB6B-5D15B9DCEA4C}.Release|x86.Build.0 = Release|Any CPU
	EndGlobalSection
EndGlobal
